// !$*UTF8*$!
{
	archiveVersion = 1;
	classes = {
	};
	objectVersion = 46;
	objects = {

/* Begin PBXBuildFile section */
		21375CB518D0B29300EB5E5C /* braun-dark.pdf in Resources */ = {isa = PBXBuildFile; fileRef = 21375CB418D0B29300EB5E5C /* braun-dark.pdf */; };
		21375CB818D0B4BE00EB5E5C /* braun-light.pdf in Resources */ = {isa = PBXBuildFile; fileRef = 21375CB718D0B4BE00EB5E5C /* braun-light.pdf */; };
		2156238118D0191800DF57B5 /* SAMClockConfigureWindowController.h in Headers */ = {isa = PBXBuildFile; fileRef = 2156237618D0191800DF57B5 /* SAMClockConfigureWindowController.h */; };
		2156238218D0191800DF57B5 /* SAMClockConfigureWindowController.m in Sources */ = {isa = PBXBuildFile; fileRef = 2156237718D0191800DF57B5 /* SAMClockConfigureWindowController.m */; };
		2156238418D0191800DF57B5 /* SAMClockView.h in Headers */ = {isa = PBXBuildFile; fileRef = 2156237818D0191800DF57B5 /* SAMClockView.h */; };
		2156238518D0191800DF57B5 /* SAMClockView.m in Sources */ = {isa = PBXBuildFile; fileRef = 2156237918D0191800DF57B5 /* SAMClockView.m */; };
		2156238A18D0191800DF57B5 /* SAMClockConfiguration.xib in Resources */ = {isa = PBXBuildFile; fileRef = 2156237E18D0191800DF57B5 /* SAMClockConfiguration.xib */; };
		2156239C18D0191D00DF57B5 /* AppDelegate.m in Sources */ = {isa = PBXBuildFile; fileRef = 2156239318D0191D00DF57B5 /* AppDelegate.m */; };
		2156239D18D0191D00DF57B5 /* main.m in Sources */ = {isa = PBXBuildFile; fileRef = 2156239618D0191D00DF57B5 /* main.m */; };
		2156239E18D0191D00DF57B5 /* MainMenu.xib in Resources */ = {isa = PBXBuildFile; fileRef = 2156239818D0191D00DF57B5 /* MainMenu.xib */; };
		215623A018D0191D00DF57B5 /* Images.xcassets in Resources */ = {isa = PBXBuildFile; fileRef = 2156239B18D0191D00DF57B5 /* Images.xcassets */; };
		21592F4218CB7D4A00931D75 /* Cocoa.framework in Frameworks */ = {isa = PBXBuildFile; fileRef = 21592F4118CB7D4A00931D75 /* Cocoa.framework */; };
		21592F4418CB7D4A00931D75 /* ScreenSaver.framework in Frameworks */ = {isa = PBXBuildFile; fileRef = 21592F4318CB7D4A00931D75 /* ScreenSaver.framework */; };
		21592F5D18CB7F3D00931D75 /* Cocoa.framework in Frameworks */ = {isa = PBXBuildFile; fileRef = 21592F4118CB7D4A00931D75 /* Cocoa.framework */; };
		21B5AA7D18D0B9DA00A7D798 /* Clock.saver in CopyFiles */ = {isa = PBXBuildFile; fileRef = 21592F3E18CB7D4A00931D75 /* Clock.saver */; };
/* End PBXBuildFile section */

/* Begin PBXContainerItemProxy section */
		21B5AA7918D0B93F00A7D798 /* PBXContainerItemProxy */ = {
			isa = PBXContainerItemProxy;
			containerPortal = 21592F3418CB7D4A00931D75 /* Project object */;
			proxyType = 1;
			remoteGlobalIDString = 21592F3D18CB7D4A00931D75;
			remoteInfo = Clock;
		};
/* End PBXContainerItemProxy section */

/* Begin PBXCopyFilesBuildPhase section */
		21B5AA7C18D0B9D100A7D798 /* CopyFiles */ = {
			isa = PBXCopyFilesBuildPhase;
			buildActionMask = 2147483647;
			dstPath = "";
			dstSubfolderSpec = 13;
			files = (
				21B5AA7D18D0B9DA00A7D798 /* Clock.saver in CopyFiles */,
			);
			runOnlyForDeploymentPostprocessing = 0;
		};
/* End PBXCopyFilesBuildPhase section */

/* Begin PBXFileReference section */
		21375CB418D0B29300EB5E5C /* braun-dark.pdf */ = {isa = PBXFileReference; lastKnownFileType = image.pdf; path = "braun-dark.pdf"; sourceTree = "<group>"; };
		21375CB718D0B4BE00EB5E5C /* braun-light.pdf */ = {isa = PBXFileReference; lastKnownFileType = image.pdf; path = "braun-light.pdf"; sourceTree = "<group>"; };
		2156237618D0191800DF57B5 /* SAMClockConfigureWindowController.h */ = {isa = PBXFileReference; fileEncoding = 4; lastKnownFileType = sourcecode.c.h; path = SAMClockConfigureWindowController.h; sourceTree = "<group>"; };
		2156237718D0191800DF57B5 /* SAMClockConfigureWindowController.m */ = {isa = PBXFileReference; fileEncoding = 4; lastKnownFileType = sourcecode.c.objc; path = SAMClockConfigureWindowController.m; sourceTree = "<group>"; };
		2156237818D0191800DF57B5 /* SAMClockView.h */ = {isa = PBXFileReference; fileEncoding = 4; lastKnownFileType = sourcecode.c.h; path = SAMClockView.h; sourceTree = "<group>"; };
		2156237918D0191800DF57B5 /* SAMClockView.m */ = {isa = PBXFileReference; fileEncoding = 4; lastKnownFileType = sourcecode.c.objc; path = SAMClockView.m; sourceTree = "<group>"; };
		2156237D18D0191800DF57B5 /* Clock-Info.plist */ = {isa = PBXFileReference; fileEncoding = 4; lastKnownFileType = text.plist.xml; path = "Clock-Info.plist"; sourceTree = "<group>"; };
		2156237E18D0191800DF57B5 /* SAMClockConfiguration.xib */ = {isa = PBXFileReference; fileEncoding = 4; lastKnownFileType = file.xib; path = SAMClockConfiguration.xib; sourceTree = "<group>"; };
		2156239218D0191D00DF57B5 /* AppDelegate.h */ = {isa = PBXFileReference; fileEncoding = 4; lastKnownFileType = sourcecode.c.h; path = AppDelegate.h; sourceTree = "<group>"; };
		2156239318D0191D00DF57B5 /* AppDelegate.m */ = {isa = PBXFileReference; fileEncoding = 4; lastKnownFileType = sourcecode.c.objc; path = AppDelegate.m; sourceTree = "<group>"; };
		2156239518D0191D00DF57B5 /* ClockTest-Prefix.pch */ = {isa = PBXFileReference; fileEncoding = 4; lastKnownFileType = sourcecode.c.h; path = "ClockTest-Prefix.pch"; sourceTree = "<group>"; };
		2156239618D0191D00DF57B5 /* main.m */ = {isa = PBXFileReference; fileEncoding = 4; lastKnownFileType = sourcecode.c.objc; path = main.m; sourceTree = "<group>"; };
		2156239918D0191D00DF57B5 /* Base */ = {isa = PBXFileReference; lastKnownFileType = file.xib; name = Base; path = Base.lproj/MainMenu.xib; sourceTree = "<group>"; };
		2156239A18D0191D00DF57B5 /* ClockTest-Info.plist */ = {isa = PBXFileReference; fileEncoding = 4; lastKnownFileType = text.plist.xml; path = "ClockTest-Info.plist"; sourceTree = "<group>"; };
		2156239B18D0191D00DF57B5 /* Images.xcassets */ = {isa = PBXFileReference; lastKnownFileType = folder.assetcatalog; path = Images.xcassets; sourceTree = "<group>"; };
		21592F3E18CB7D4A00931D75 /* Clock.saver */ = {isa = PBXFileReference; explicitFileType = wrapper.cfbundle; includeInIndex = 0; path = Clock.saver; sourceTree = BUILT_PRODUCTS_DIR; };
		21592F4118CB7D4A00931D75 /* Cocoa.framework */ = {isa = PBXFileReference; lastKnownFileType = wrapper.framework; name = Cocoa.framework; path = System/Library/Frameworks/Cocoa.framework; sourceTree = SDKROOT; };
		21592F4318CB7D4A00931D75 /* ScreenSaver.framework */ = {isa = PBXFileReference; lastKnownFileType = wrapper.framework; name = ScreenSaver.framework; path = System/Library/Frameworks/ScreenSaver.framework; sourceTree = SDKROOT; };
		21592F4618CB7D4A00931D75 /* AppKit.framework */ = {isa = PBXFileReference; lastKnownFileType = wrapper.framework; name = AppKit.framework; path = System/Library/Frameworks/AppKit.framework; sourceTree = SDKROOT; };
		21592F4718CB7D4A00931D75 /* CoreData.framework */ = {isa = PBXFileReference; lastKnownFileType = wrapper.framework; name = CoreData.framework; path = System/Library/Frameworks/CoreData.framework; sourceTree = SDKROOT; };
		21592F4818CB7D4A00931D75 /* Foundation.framework */ = {isa = PBXFileReference; lastKnownFileType = wrapper.framework; name = Foundation.framework; path = System/Library/Frameworks/Foundation.framework; sourceTree = SDKROOT; };
		21592F5C18CB7F3D00931D75 /* ClockTest.app */ = {isa = PBXFileReference; explicitFileType = wrapper.application; includeInIndex = 0; path = ClockTest.app; sourceTree = BUILT_PRODUCTS_DIR; };
		21592F7718CB7F3D00931D75 /* XCTest.framework */ = {isa = PBXFileReference; lastKnownFileType = wrapper.framework; name = XCTest.framework; path = Library/Frameworks/XCTest.framework; sourceTree = DEVELOPER_DIR; };
		2160288E18D035A200494FE5 /* AppKitScripting.framework */ = {isa = PBXFileReference; lastKnownFileType = wrapper.framework; name = AppKitScripting.framework; path = System/Library/Frameworks/AppKitScripting.framework; sourceTree = SDKROOT; };
/* End PBXFileReference section */

/* Begin PBXFrameworksBuildPhase section */
		21592F3918CB7D4A00931D75 /* Frameworks */ = {
			isa = PBXFrameworksBuildPhase;
			buildActionMask = 2147483647;
			files = (
				21592F4418CB7D4A00931D75 /* ScreenSaver.framework in Frameworks */,
				21592F4218CB7D4A00931D75 /* Cocoa.framework in Frameworks */,
			);
			runOnlyForDeploymentPostprocessing = 0;
		};
		21592F5918CB7F3D00931D75 /* Frameworks */ = {
			isa = PBXFrameworksBuildPhase;
			buildActionMask = 2147483647;
			files = (
				21592F5D18CB7F3D00931D75 /* Cocoa.framework in Frameworks */,
			);
			runOnlyForDeploymentPostprocessing = 0;
		};
/* End PBXFrameworksBuildPhase section */

/* Begin PBXGroup section */
		2156237418D0191800DF57B5 /* Clock */ = {
			isa = PBXGroup;
			children = (
				2156237518D0191800DF57B5 /* Classes */,
				2156237C18D0191800DF57B5 /* Resources */,
			);
			path = Clock;
			sourceTree = "<group>";
		};
		2156237518D0191800DF57B5 /* Classes */ = {
			isa = PBXGroup;
			children = (
				2156237818D0191800DF57B5 /* SAMClockView.h */,
				2156237918D0191800DF57B5 /* SAMClockView.m */,
				2156237618D0191800DF57B5 /* SAMClockConfigureWindowController.h */,
				2156237718D0191800DF57B5 /* SAMClockConfigureWindowController.m */,
			);
			path = Classes;
			sourceTree = "<group>";
		};
		2156237C18D0191800DF57B5 /* Resources */ = {
			isa = PBXGroup;
			children = (
				2156237D18D0191800DF57B5 /* Clock-Info.plist */,
				2156237E18D0191800DF57B5 /* SAMClockConfiguration.xib */,
				21375CB418D0B29300EB5E5C /* braun-dark.pdf */,
				21375CB718D0B4BE00EB5E5C /* braun-light.pdf */,
			);
			path = Resources;
			sourceTree = "<group>";
		};
		2156239018D0191D00DF57B5 /* ClockTest */ = {
			isa = PBXGroup;
			children = (
				2156239118D0191D00DF57B5 /* Classes */,
				2156239418D0191D00DF57B5 /* Other Sources */,
				2156239718D0191D00DF57B5 /* Resources */,
			);
			path = ClockTest;
			sourceTree = "<group>";
		};
		2156239118D0191D00DF57B5 /* Classes */ = {
			isa = PBXGroup;
			children = (
				2156239218D0191D00DF57B5 /* AppDelegate.h */,
				2156239318D0191D00DF57B5 /* AppDelegate.m */,
			);
			path = Classes;
			sourceTree = "<group>";
		};
		2156239418D0191D00DF57B5 /* Other Sources */ = {
			isa = PBXGroup;
			children = (
				2156239518D0191D00DF57B5 /* ClockTest-Prefix.pch */,
				2156239618D0191D00DF57B5 /* main.m */,
			);
			path = "Other Sources";
			sourceTree = "<group>";
		};
		2156239718D0191D00DF57B5 /* Resources */ = {
			isa = PBXGroup;
			children = (
				2156239818D0191D00DF57B5 /* MainMenu.xib */,
				2156239A18D0191D00DF57B5 /* ClockTest-Info.plist */,
				2156239B18D0191D00DF57B5 /* Images.xcassets */,
			);
			path = Resources;
			sourceTree = "<group>";
		};
		21592F3318CB7D4A00931D75 = {
			isa = PBXGroup;
			children = (
				2156237418D0191800DF57B5 /* Clock */,
				2156239018D0191D00DF57B5 /* ClockTest */,
				21592F4018CB7D4A00931D75 /* Frameworks */,
				21592F3F18CB7D4A00931D75 /* Products */,
			);
			sourceTree = "<group>";
		};
		21592F3F18CB7D4A00931D75 /* Products */ = {
			isa = PBXGroup;
			children = (
				21592F3E18CB7D4A00931D75 /* Clock.saver */,
				21592F5C18CB7F3D00931D75 /* ClockTest.app */,
			);
			name = Products;
			sourceTree = "<group>";
		};
		21592F4018CB7D4A00931D75 /* Frameworks */ = {
			isa = PBXGroup;
			children = (
				2160288E18D035A200494FE5 /* AppKitScripting.framework */,
				21592F4118CB7D4A00931D75 /* Cocoa.framework */,
				21592F4318CB7D4A00931D75 /* ScreenSaver.framework */,
				21592F7718CB7F3D00931D75 /* XCTest.framework */,
				21592F4518CB7D4A00931D75 /* Other Frameworks */,
			);
			name = Frameworks;
			sourceTree = "<group>";
		};
		21592F4518CB7D4A00931D75 /* Other Frameworks */ = {
			isa = PBXGroup;
			children = (
				21592F4618CB7D4A00931D75 /* AppKit.framework */,
				21592F4718CB7D4A00931D75 /* CoreData.framework */,
				21592F4818CB7D4A00931D75 /* Foundation.framework */,
			);
			name = "Other Frameworks";
			sourceTree = "<group>";
		};
/* End PBXGroup section */

/* Begin PBXHeadersBuildPhase section */
		21592F3A18CB7D4A00931D75 /* Headers */ = {
			isa = PBXHeadersBuildPhase;
			buildActionMask = 2147483647;
			files = (
				2156238418D0191800DF57B5 /* SAMClockView.h in Headers */,
				2156238118D0191800DF57B5 /* SAMClockConfigureWindowController.h in Headers */,
			);
			runOnlyForDeploymentPostprocessing = 0;
		};
/* End PBXHeadersBuildPhase section */

/* Begin PBXNativeTarget section */
		21592F3D18CB7D4A00931D75 /* Clock */ = {
			isa = PBXNativeTarget;
			buildConfigurationList = 21592F5518CB7D4A00931D75 /* Build configuration list for PBXNativeTarget "Clock" */;
			buildPhases = (
				21592F3818CB7D4A00931D75 /* Sources */,
				21592F3918CB7D4A00931D75 /* Frameworks */,
				21592F3A18CB7D4A00931D75 /* Headers */,
				21592F3B18CB7D4A00931D75 /* Resources */,
				21592F3C18CB7D4A00931D75 /* Rez */,
			);
			buildRules = (
			);
			dependencies = (
			);
			name = Clock;
			productName = Clock;
			productReference = 21592F3E18CB7D4A00931D75 /* Clock.saver */;
			productType = "com.apple.product-type.bundle";
		};
		21592F5B18CB7F3D00931D75 /* ClockTest */ = {
			isa = PBXNativeTarget;
			buildConfigurationList = 21592F8418CB7F3D00931D75 /* Build configuration list for PBXNativeTarget "ClockTest" */;
			buildPhases = (
				21592F5818CB7F3D00931D75 /* Sources */,
				21592F5918CB7F3D00931D75 /* Frameworks */,
				21592F5A18CB7F3D00931D75 /* Resources */,
				21B5AA7C18D0B9D100A7D798 /* CopyFiles */,
			);
			buildRules = (
			);
			dependencies = (
				21B5AA7A18D0B93F00A7D798 /* PBXTargetDependency */,
			);
			name = ClockTest;
			productName = ClockTest;
			productReference = 21592F5C18CB7F3D00931D75 /* ClockTest.app */;
			productType = "com.apple.product-type.application";
		};
/* End PBXNativeTarget section */

/* Begin PBXProject section */
		21592F3418CB7D4A00931D75 /* Project object */ = {
			isa = PBXProject;
			attributes = {
				LastUpgradeCheck = 0510;
				ORGANIZATIONNAME = "Sam Soffes";
			};
			buildConfigurationList = 21592F3718CB7D4A00931D75 /* Build configuration list for PBXProject "Clock" */;
			compatibilityVersion = "Xcode 3.2";
			developmentRegion = English;
			hasScannedForEncodings = 0;
			knownRegions = (
				en,
				Base,
			);
			mainGroup = 21592F3318CB7D4A00931D75;
			productRefGroup = 21592F3F18CB7D4A00931D75 /* Products */;
			projectDirPath = "";
			projectRoot = "";
			targets = (
				21592F3D18CB7D4A00931D75 /* Clock */,
				21592F5B18CB7F3D00931D75 /* ClockTest */,
			);
		};
/* End PBXProject section */

/* Begin PBXResourcesBuildPhase section */
		21592F3B18CB7D4A00931D75 /* Resources */ = {
			isa = PBXResourcesBuildPhase;
			buildActionMask = 2147483647;
			files = (
				21375CB818D0B4BE00EB5E5C /* braun-light.pdf in Resources */,
				2156238A18D0191800DF57B5 /* SAMClockConfiguration.xib in Resources */,
				21375CB518D0B29300EB5E5C /* braun-dark.pdf in Resources */,
			);
			runOnlyForDeploymentPostprocessing = 0;
		};
		21592F5A18CB7F3D00931D75 /* Resources */ = {
			isa = PBXResourcesBuildPhase;
			buildActionMask = 2147483647;
			files = (
				2156239E18D0191D00DF57B5 /* MainMenu.xib in Resources */,
				215623A018D0191D00DF57B5 /* Images.xcassets in Resources */,
			);
			runOnlyForDeploymentPostprocessing = 0;
		};
/* End PBXResourcesBuildPhase section */

/* Begin PBXRezBuildPhase section */
		21592F3C18CB7D4A00931D75 /* Rez */ = {
			isa = PBXRezBuildPhase;
			buildActionMask = 2147483647;
			files = (
			);
			runOnlyForDeploymentPostprocessing = 0;
		};
/* End PBXRezBuildPhase section */

/* Begin PBXSourcesBuildPhase section */
		21592F3818CB7D4A00931D75 /* Sources */ = {
			isa = PBXSourcesBuildPhase;
			buildActionMask = 2147483647;
			files = (
				2156238218D0191800DF57B5 /* SAMClockConfigureWindowController.m in Sources */,
				2156238518D0191800DF57B5 /* SAMClockView.m in Sources */,
			);
			runOnlyForDeploymentPostprocessing = 0;
		};
		21592F5818CB7F3D00931D75 /* Sources */ = {
			isa = PBXSourcesBuildPhase;
			buildActionMask = 2147483647;
			files = (
				2156239D18D0191D00DF57B5 /* main.m in Sources */,
				2156239C18D0191D00DF57B5 /* AppDelegate.m in Sources */,
			);
			runOnlyForDeploymentPostprocessing = 0;
		};
/* End PBXSourcesBuildPhase section */

/* Begin PBXTargetDependency section */
		21B5AA7A18D0B93F00A7D798 /* PBXTargetDependency */ = {
			isa = PBXTargetDependency;
			target = 21592F3D18CB7D4A00931D75 /* Clock */;
			targetProxy = 21B5AA7918D0B93F00A7D798 /* PBXContainerItemProxy */;
		};
/* End PBXTargetDependency section */

/* Begin PBXVariantGroup section */
		2156239818D0191D00DF57B5 /* MainMenu.xib */ = {
			isa = PBXVariantGroup;
			children = (
				2156239918D0191D00DF57B5 /* Base */,
			);
			name = MainMenu.xib;
			sourceTree = "<group>";
		};
/* End PBXVariantGroup section */

/* Begin XCBuildConfiguration section */
		21592F5318CB7D4A00931D75 /* Debug */ = {
			isa = XCBuildConfiguration;
			buildSettings = {
				ALWAYS_SEARCH_USER_PATHS = NO;
				CLANG_CXX_LANGUAGE_STANDARD = "gnu++0x";
				CLANG_CXX_LIBRARY = "libc++";
				CLANG_ENABLE_MODULES = YES;
				CLANG_ENABLE_OBJC_ARC = YES;
				CLANG_WARN_BOOL_CONVERSION = YES;
				CLANG_WARN_CONSTANT_CONVERSION = YES;
				CLANG_WARN_DIRECT_OBJC_ISA_USAGE = YES_ERROR;
				CLANG_WARN_EMPTY_BODY = YES;
				CLANG_WARN_ENUM_CONVERSION = YES;
				CLANG_WARN_INT_CONVERSION = YES;
				CLANG_WARN_OBJC_ROOT_CLASS = YES_ERROR;
				CLANG_WARN__DUPLICATE_METHOD_MATCH = YES;
				COPY_PHASE_STRIP = NO;
				GCC_C_LANGUAGE_STANDARD = gnu99;
				GCC_DYNAMIC_NO_PIC = NO;
				GCC_ENABLE_OBJC_EXCEPTIONS = YES;
				GCC_OPTIMIZATION_LEVEL = 0;
				GCC_PREPROCESSOR_DEFINITIONS = (
					"DEBUG=1",
					"$(inherited)",
				);
				GCC_SYMBOLS_PRIVATE_EXTERN = NO;
				GCC_WARN_64_TO_32_BIT_CONVERSION = YES;
				GCC_WARN_ABOUT_RETURN_TYPE = YES_ERROR;
				GCC_WARN_UNDECLARED_SELECTOR = YES;
				GCC_WARN_UNINITIALIZED_AUTOS = YES_AGGRESSIVE;
				GCC_WARN_UNUSED_FUNCTION = YES;
				GCC_WARN_UNUSED_VARIABLE = YES;
				MACOSX_DEPLOYMENT_TARGET = 10.8;
				ONLY_ACTIVE_ARCH = YES;
				SDKROOT = macosx;
			};
			name = Debug;
		};
		21592F5418CB7D4A00931D75 /* Release */ = {
			isa = XCBuildConfiguration;
			buildSettings = {
				ALWAYS_SEARCH_USER_PATHS = NO;
				CLANG_CXX_LANGUAGE_STANDARD = "gnu++0x";
				CLANG_CXX_LIBRARY = "libc++";
				CLANG_ENABLE_MODULES = YES;
				CLANG_ENABLE_OBJC_ARC = YES;
				CLANG_WARN_BOOL_CONVERSION = YES;
				CLANG_WARN_CONSTANT_CONVERSION = YES;
				CLANG_WARN_DIRECT_OBJC_ISA_USAGE = YES_ERROR;
				CLANG_WARN_EMPTY_BODY = YES;
				CLANG_WARN_ENUM_CONVERSION = YES;
				CLANG_WARN_INT_CONVERSION = YES;
				CLANG_WARN_OBJC_ROOT_CLASS = YES_ERROR;
				CLANG_WARN__DUPLICATE_METHOD_MATCH = YES;
				COPY_PHASE_STRIP = YES;
				DEBUG_INFORMATION_FORMAT = "dwarf-with-dsym";
				ENABLE_NS_ASSERTIONS = NO;
				GCC_C_LANGUAGE_STANDARD = gnu99;
				GCC_ENABLE_OBJC_EXCEPTIONS = YES;
				GCC_WARN_64_TO_32_BIT_CONVERSION = YES;
				GCC_WARN_ABOUT_RETURN_TYPE = YES_ERROR;
				GCC_WARN_UNDECLARED_SELECTOR = YES;
				GCC_WARN_UNINITIALIZED_AUTOS = YES_AGGRESSIVE;
				GCC_WARN_UNUSED_FUNCTION = YES;
				GCC_WARN_UNUSED_VARIABLE = YES;
				MACOSX_DEPLOYMENT_TARGET = 10.8;
				SDKROOT = macosx;
			};
			name = Release;
		};
		21592F5618CB7D4A00931D75 /* Debug */ = {
			isa = XCBuildConfiguration;
			buildSettings = {
				CODE_SIGN_IDENTITY = "Developer ID Application";
				COMBINE_HIDPI_IMAGES = YES;
				INFOPLIST_FILE = "Clock/Resources/Clock-Info.plist";
				INSTALL_PATH = "$(HOME)/Library/Screen Savers";
				PRODUCT_NAME = "$(TARGET_NAME)";
				WRAPPER_EXTENSION = saver;
			};
			name = Debug;
		};
		21592F5718CB7D4A00931D75 /* Release */ = {
			isa = XCBuildConfiguration;
			buildSettings = {
				CODE_SIGN_IDENTITY = "Developer ID Application";
				COMBINE_HIDPI_IMAGES = YES;
				INFOPLIST_FILE = "Clock/Resources/Clock-Info.plist";
				INSTALL_PATH = "$(HOME)/Library/Screen Savers";
				PRODUCT_NAME = "$(TARGET_NAME)";
				WRAPPER_EXTENSION = saver;
			};
			name = Release;
		};
		21592F8518CB7F3D00931D75 /* Debug */ = {
			isa = XCBuildConfiguration;
			buildSettings = {
				ASSETCATALOG_COMPILER_APPICON_NAME = AppIcon;
				COMBINE_HIDPI_IMAGES = YES;
				GCC_PRECOMPILE_PREFIX_HEADER = YES;
				GCC_PREFIX_HEADER = "ClockTest/Other Sources/ClockTest-Prefix.pch";
				GCC_PREPROCESSOR_DEFINITIONS = (
					"DEBUG=1",
					"$(inherited)",
				);
				INFOPLIST_FILE = "ClockTest/Resources/ClockTest-Info.plist";
				PRODUCT_NAME = "$(TARGET_NAME)";
				WRAPPER_EXTENSION = app;
			};
			name = Debug;
		};
		21592F8618CB7F3D00931D75 /* Release */ = {
			isa = XCBuildConfiguration;
			buildSettings = {
				ASSETCATALOG_COMPILER_APPICON_NAME = AppIcon;
				COMBINE_HIDPI_IMAGES = YES;
				GCC_PRECOMPILE_PREFIX_HEADER = YES;
				GCC_PREFIX_HEADER = "ClockTest/Other Sources/ClockTest-Prefix.pch";
				INFOPLIST_FILE = "ClockTest/Resources/ClockTest-Info.plist";
				PRODUCT_NAME = "$(TARGET_NAME)";
				WRAPPER_EXTENSION = app;
			};
			name = Release;
		};
/* End XCBuildConfiguration section */

/* Begin XCConfigurationList section */
		21592F3718CB7D4A00931D75 /* Build configuration list for PBXProject "Clock" */ = {
			isa = XCConfigurationList;
			buildConfigurations = (
				21592F5318CB7D4A00931D75 /* Debug */,
				21592F5418CB7D4A00931D75 /* Release */,
			);
			defaultConfigurationIsVisible = 0;
			defaultConfigurationName = Release;
		};
		21592F5518CB7D4A00931D75 /* Build configuration list for PBXNativeTarget "Clock" */ = {
			isa = XCConfigurationList;
			buildConfigurations = (
				21592F5618CB7D4A00931D75 /* Debug */,
				21592F5718CB7D4A00931D75 /* Release */,
			);
			defaultConfigurationIsVisible = 0;
			defaultConfigurationName = Release;
		};
		21592F8418CB7F3D00931D75 /* Build configuration list for PBXNativeTarget "ClockTest" */ = {
			isa = XCConfigurationList;
			buildConfigurations = (
				21592F8518CB7F3D00931D75 /* Debug */,
				21592F8618CB7F3D00931D75 /* Release */,
			);
			defaultConfigurationIsVisible = 0;
			defaultConfigurationName = Release;
		};
/* End XCConfigurationList section */
	};
	rootObject = 21592F3418CB7D4A00931D75 /* Project object */;
}
